
Microsoft Visual Studio Solution File, Format Version 12.00
# Visual Studio Version 17
VisualStudioVersion = 17.1.32421.90
MinimumVisualStudioVersion = 10.0.40219.1
Project("{8BC9CEB8-8B4A-11D0-8D11-00A0C91BC942}") = "task 6", "task 6.vcxproj", "{588C96E5-C238-4F53-AE38-BF6F4823344A}"
EndProject
Global
	GlobalSection(SolutionConfigurationPlatforms) = preSolution
		Debug|x64 = Debug|x64
		Debug|x86 = Debug|x86
		Release|x64 = Release|x64
		Release|x86 = Release|x86
	EndGlobalSection
	GlobalSection(ProjectConfigurationPlatforms) = postSolution
		{588C96E5-C238-4F53-AE38-BF6F4823344A}.Debug|x64.ActiveCfg = Debug|x64
		{588C96E5-C238-4F53-AE38-BF6F4823344A}.Debug|x64.Build.0 = Debug|x64
		{588C96E5-C238-4F53-AE38-BF6F4823344A}.Debug|x86.ActiveCfg = Debug|Win32
		{588C96E5-C238-4F53-AE38-BF6F4823344A}.Debug|x86.Build.0 = Debug|Win32
		{588C96E5-C238-4F53-AE38-BF6F4823344A}.Release|x64.ActiveCfg = Release|x64
		{588C96E5-C238-4F53-AE38-BF6F4823344A}.Release|x64.Build.0 = Release|x64
		{588C96E5-C238-4F53-AE38-BF6F4823344A}.Release|x86.ActiveCfg = Release|Win32
		{588C96E5-C238-4F53-AE38-BF6F4823344A}.Release|x86.Build.0 = Release|Win32
	EndGlobalSection
	GlobalSection(SolutionProperties) = preSolution
		HideSolutionNode = FALSE
	EndGlobalSection
	GlobalSection(ExtensibilityGlobals) = postSolution
		SolutionGuid = {92B27375-0B3B-472C-A195-B0DB73DE23A4}
	EndGlobalSection
EndGlobal
