
Microsoft Visual Studio Solution File, Format Version 12.00
# Visual Studio Version 17
VisualStudioVersion = 17.1.32421.90
MinimumVisualStudioVersion = 10.0.40219.1
Project("{8BC9CEB8-8B4A-11D0-8D11-00A0C91BC942}") = "task 1", "task 1.vcxproj", "{19A66CE7-9F31-4990-A794-402A9A2261C1}"
EndProject
Global
	GlobalSection(SolutionConfigurationPlatforms) = preSolution
		Debug|x64 = Debug|x64
		Debug|x86 = Debug|x86
		Release|x64 = Release|x64
		Release|x86 = Release|x86
	EndGlobalSection
	GlobalSection(ProjectConfigurationPlatforms) = postSolution
		{19A66CE7-9F31-4990-A794-402A9A2261C1}.Debug|x64.ActiveCfg = Debug|x64
		{19A66CE7-9F31-4990-A794-402A9A2261C1}.Debug|x64.Build.0 = Debug|x64
		{19A66CE7-9F31-4990-A794-402A9A2261C1}.Debug|x86.ActiveCfg = Debug|Win32
		{19A66CE7-9F31-4990-A794-402A9A2261C1}.Debug|x86.Build.0 = Debug|Win32
		{19A66CE7-9F31-4990-A794-402A9A2261C1}.Release|x64.ActiveCfg = Release|x64
		{19A66CE7-9F31-4990-A794-402A9A2261C1}.Release|x64.Build.0 = Release|x64
		{19A66CE7-9F31-4990-A794-402A9A2261C1}.Release|x86.ActiveCfg = Release|Win32
		{19A66CE7-9F31-4990-A794-402A9A2261C1}.Release|x86.Build.0 = Release|Win32
	EndGlobalSection
	GlobalSection(SolutionProperties) = preSolution
		HideSolutionNode = FALSE
	EndGlobalSection
	GlobalSection(ExtensibilityGlobals) = postSolution
		SolutionGuid = {257FF5DA-8C2E-4D2F-8BE4-6827EAE91903}
	EndGlobalSection
EndGlobal
