
Microsoft Visual Studio Solution File, Format Version 12.00
# Visual Studio Version 17
VisualStudioVersion = 17.1.32421.90
MinimumVisualStudioVersion = 10.0.40219.1
Project("{8BC9CEB8-8B4A-11D0-8D11-00A0C91BC942}") = "task 2", "task 2.vcxproj", "{DA136E65-A683-4CB4-BE20-07E0180CA373}"
EndProject
Global
	GlobalSection(SolutionConfigurationPlatforms) = preSolution
		Debug|x64 = Debug|x64
		Debug|x86 = Debug|x86
		Release|x64 = Release|x64
		Release|x86 = Release|x86
	EndGlobalSection
	GlobalSection(ProjectConfigurationPlatforms) = postSolution
		{DA136E65-A683-4CB4-BE20-07E0180CA373}.Debug|x64.ActiveCfg = Debug|x64
		{DA136E65-A683-4CB4-BE20-07E0180CA373}.Debug|x64.Build.0 = Debug|x64
		{DA136E65-A683-4CB4-BE20-07E0180CA373}.Debug|x86.ActiveCfg = Debug|Win32
		{DA136E65-A683-4CB4-BE20-07E0180CA373}.Debug|x86.Build.0 = Debug|Win32
		{DA136E65-A683-4CB4-BE20-07E0180CA373}.Release|x64.ActiveCfg = Release|x64
		{DA136E65-A683-4CB4-BE20-07E0180CA373}.Release|x64.Build.0 = Release|x64
		{DA136E65-A683-4CB4-BE20-07E0180CA373}.Release|x86.ActiveCfg = Release|Win32
		{DA136E65-A683-4CB4-BE20-07E0180CA373}.Release|x86.Build.0 = Release|Win32
	EndGlobalSection
	GlobalSection(SolutionProperties) = preSolution
		HideSolutionNode = FALSE
	EndGlobalSection
	GlobalSection(ExtensibilityGlobals) = postSolution
		SolutionGuid = {13748679-892B-4900-B95E-ABDC2E65EB38}
	EndGlobalSection
EndGlobal
